
Microsoft Visual Studio Solution File, Format Version 12.00
# Visual Studio Version 16
VisualStudioVersion = 16.0.30225.117
MinimumVisualStudioVersion = 10.0.40219.1
Project("{9A19103F-16F7-4668-BE54-9A1E7A4F7556}") = "ZooSpil", "ZooSpil\ZooSpil.csproj", "{4D97714E-AAD0-4CFB-9681-3B34629EC4E3}"
EndProject
Project("{2150E333-8FDC-42A3-9474-1A3956D46DE8}") = "Solution Items", "Solution Items", "{7FCEFC42-DA4B-4AD6-84D1-2498E51E3188}"
	ProjectSection(SolutionItems) = preProject
		ReadMe.md = ReadMe.md
		zoo.jpg = zoo.jpg
	EndProjectSection
EndProject
Project("{9A19103F-16F7-4668-BE54-9A1E7A4F7556}") = "DataLayer", "DataLayer\DataLayer.csproj", "{49820811-1A4F-4DA2-B48D-B4BF387FDDDA}"
EndProject
Project("{9A19103F-16F7-4668-BE54-9A1E7A4F7556}") = "ServiceLayer", "ServiceLayer\ServiceLayer.csproj", "{A95C0DFF-CE9B-4466-A0DF-630977EC0F5B}"
EndProject
Global
	GlobalSection(SolutionConfigurationPlatforms) = preSolution
		Debug|Any CPU = Debug|Any CPU
		Release|Any CPU = Release|Any CPU
	EndGlobalSection
	GlobalSection(ProjectConfigurationPlatforms) = postSolution
		{4D97714E-AAD0-4CFB-9681-3B34629EC4E3}.Debug|Any CPU.ActiveCfg = Debug|Any CPU
		{4D97714E-AAD0-4CFB-9681-3B34629EC4E3}.Debug|Any CPU.Build.0 = Debug|Any CPU
		{4D97714E-AAD0-4CFB-9681-3B34629EC4E3}.Release|Any CPU.ActiveCfg = Release|Any CPU
		{4D97714E-AAD0-4CFB-9681-3B34629EC4E3}.Release|Any CPU.Build.0 = Release|Any CPU
		{49820811-1A4F-4DA2-B48D-B4BF387FDDDA}.Debug|Any CPU.ActiveCfg = Debug|Any CPU
		{49820811-1A4F-4DA2-B48D-B4BF387FDDDA}.Debug|Any CPU.Build.0 = Debug|Any CPU
		{49820811-1A4F-4DA2-B48D-B4BF387FDDDA}.Release|Any CPU.ActiveCfg = Release|Any CPU
		{49820811-1A4F-4DA2-B48D-B4BF387FDDDA}.Release|Any CPU.Build.0 = Release|Any CPU
		{A95C0DFF-CE9B-4466-A0DF-630977EC0F5B}.Debug|Any CPU.ActiveCfg = Debug|Any CPU
		{A95C0DFF-CE9B-4466-A0DF-630977EC0F5B}.Debug|Any CPU.Build.0 = Debug|Any CPU
		{A95C0DFF-CE9B-4466-A0DF-630977EC0F5B}.Release|Any CPU.ActiveCfg = Release|Any CPU
		{A95C0DFF-CE9B-4466-A0DF-630977EC0F5B}.Release|Any CPU.Build.0 = Release|Any CPU
	EndGlobalSection
	GlobalSection(SolutionProperties) = preSolution
		HideSolutionNode = FALSE
	EndGlobalSection
	GlobalSection(ExtensibilityGlobals) = postSolution
		SolutionGuid = {5B276542-AEF7-42D1-94BE-9D173507796C}
	EndGlobalSection
EndGlobal
